
Microsoft Visual Studio Solution File, Format Version 12.00
# Visual Studio Version 16
VisualStudioVersion = 16.0.29503.13
MinimumVisualStudioVersion = 10.0.40219.1
Project("{FAE04EC0-301F-11D3-BF4B-00C04F79EFBC}") = "unittest_ika", "unittest_ika\unittest_ika.csproj", "{1FB3B500-EF0E-4530-8B58-FF9E202C7F2B}"
EndProject
Project("{FAE04EC0-301F-11D3-BF4B-00C04F79EFBC}") = "ikatests.Tests", "ikatests.Tests\ikatests.Tests.csproj", "{BAF57D91-A4EC-4D0A-B62A-0723D2325DDB}"
EndProject
Global
	GlobalSection(SolutionConfigurationPlatforms) = preSolution
		Debug|Any CPU = Debug|Any CPU
		Release|Any CPU = Release|Any CPU
	EndGlobalSection
	GlobalSection(ProjectConfigurationPlatforms) = postSolution
		{1FB3B500-EF0E-4530-8B58-FF9E202C7F2B}.Debug|Any CPU.ActiveCfg = Debug|Any CPU
		{1FB3B500-EF0E-4530-8B58-FF9E202C7F2B}.Debug|Any CPU.Build.0 = Debug|Any CPU
		{1FB3B500-EF0E-4530-8B58-FF9E202C7F2B}.Release|Any CPU.ActiveCfg = Release|Any CPU
		{1FB3B500-EF0E-4530-8B58-FF9E202C7F2B}.Release|Any CPU.Build.0 = Release|Any CPU
		{BAF57D91-A4EC-4D0A-B62A-0723D2325DDB}.Debug|Any CPU.ActiveCfg = Debug|Any CPU
		{BAF57D91-A4EC-4D0A-B62A-0723D2325DDB}.Debug|Any CPU.Build.0 = Debug|Any CPU
		{BAF57D91-A4EC-4D0A-B62A-0723D2325DDB}.Release|Any CPU.ActiveCfg = Release|Any CPU
		{BAF57D91-A4EC-4D0A-B62A-0723D2325DDB}.Release|Any CPU.Build.0 = Release|Any CPU
	EndGlobalSection
	GlobalSection(SolutionProperties) = preSolution
		HideSolutionNode = FALSE
	EndGlobalSection
	GlobalSection(ExtensibilityGlobals) = postSolution
		SolutionGuid = {14F47F40-437F-44A4-8D9D-B25AE6EB7294}
	EndGlobalSection
EndGlobal
